
Microsoft Visual Studio Solution File, Format Version 12.00
# Visual Studio Version 17
VisualStudioVersion = 17.11.35327.3
MinimumVisualStudioVersion = 10.0.40219.1
Project("{9A19103F-16F7-4668-BE54-9A1E7A4F7556}") = "StudentTaskManagement", "WebApplication1\StudentTaskManagement.csproj", "{1F179D87-615E-4BF9-B5BE-B965CCF4CB5C}"
EndProject
Global
	GlobalSection(SolutionConfigurationPlatforms) = preSolution
		Debug|Any CPU = Debug|Any CPU
		Release|Any CPU = Release|Any CPU
	EndGlobalSection
	GlobalSection(ProjectConfigurationPlatforms) = postSolution
		{1F179D87-615E-4BF9-B5BE-B965CCF4CB5C}.Debug|Any CPU.ActiveCfg = Debug|Any CPU
		{1F179D87-615E-4BF9-B5BE-B965CCF4CB5C}.Debug|Any CPU.Build.0 = Debug|Any CPU
		{1F179D87-615E-4BF9-B5BE-B965CCF4CB5C}.Release|Any CPU.ActiveCfg = Release|Any CPU
		{1F179D87-615E-4BF9-B5BE-B965CCF4CB5C}.Release|Any CPU.Build.0 = Release|Any CPU
	EndGlobalSection
	GlobalSection(SolutionProperties) = preSolution
		HideSolutionNode = FALSE
	EndGlobalSection
	GlobalSection(ExtensibilityGlobals) = postSolution
		SolutionGuid = {022B7C91-EC4C-44E0-ACE8-B27AA7634B3B}
	EndGlobalSection
EndGlobal
